
Microsoft Visual Studio Solution File, Format Version 12.00
# Visual Studio 15
VisualStudioVersion = 15.0.28010.2036
MinimumVisualStudioVersion = 10.0.40219.1
Project("{FAE04EC0-301F-11D3-BF4B-00C04F79EFBC}") = "Fifo", "Fifo\Fifo.csproj", "{BA38AB2C-E908-41C8-AADB-32AC5AEEE786}"
EndProject
Project("{FAE04EC0-301F-11D3-BF4B-00C04F79EFBC}") = "Fifo.Test", "Fifo.Test\Fifo.Test.csproj", "{6CF29AA3-9998-46F1-BEC6-D7ED5129D9EC}"
EndProject
Global
	GlobalSection(SolutionConfigurationPlatforms) = preSolution
		Debug|Any CPU = Debug|Any CPU
		Release|Any CPU = Release|Any CPU
	EndGlobalSection
	GlobalSection(ProjectConfigurationPlatforms) = postSolution
		{BA38AB2C-E908-41C8-AADB-32AC5AEEE786}.Debug|Any CPU.ActiveCfg = Debug|Any CPU
		{BA38AB2C-E908-41C8-AADB-32AC5AEEE786}.Debug|Any CPU.Build.0 = Debug|Any CPU
		{BA38AB2C-E908-41C8-AADB-32AC5AEEE786}.Release|Any CPU.ActiveCfg = Release|Any CPU
		{BA38AB2C-E908-41C8-AADB-32AC5AEEE786}.Release|Any CPU.Build.0 = Release|Any CPU
		{6CF29AA3-9998-46F1-BEC6-D7ED5129D9EC}.Debug|Any CPU.ActiveCfg = Debug|Any CPU
		{6CF29AA3-9998-46F1-BEC6-D7ED5129D9EC}.Debug|Any CPU.Build.0 = Debug|Any CPU
		{6CF29AA3-9998-46F1-BEC6-D7ED5129D9EC}.Release|Any CPU.ActiveCfg = Release|Any CPU
		{6CF29AA3-9998-46F1-BEC6-D7ED5129D9EC}.Release|Any CPU.Build.0 = Release|Any CPU
	EndGlobalSection
	GlobalSection(SolutionProperties) = preSolution
		HideSolutionNode = FALSE
	EndGlobalSection
	GlobalSection(ExtensibilityGlobals) = postSolution
		SolutionGuid = {797BC120-9E46-45AE-A768-A393E56E0EAE}
	EndGlobalSection
EndGlobal
